
Microsoft Visual Studio Solution File, Format Version 12.00
# Visual Studio Version 16
VisualStudioVersion = 16.0.33328.57
MinimumVisualStudioVersion = 10.0.40219.1
Project("{FAE04EC0-301F-11D3-BF4B-00C04F79EFBC}") = "Food_Collection_And_Supply", "Food_Collection_And_Supply.csproj", "{A210558F-3C34-4DF1-9BC3-A0D3CEAEA661}"
EndProject
Global
	GlobalSection(SolutionConfigurationPlatforms) = preSolution
		Debug|Any CPU = Debug|Any CPU
		Release|Any CPU = Release|Any CPU
	EndGlobalSection
	GlobalSection(ProjectConfigurationPlatforms) = postSolution
		{A210558F-3C34-4DF1-9BC3-A0D3CEAEA661}.Debug|Any CPU.ActiveCfg = Debug|Any CPU
		{A210558F-3C34-4DF1-9BC3-A0D3CEAEA661}.Debug|Any CPU.Build.0 = Debug|Any CPU
		{A210558F-3C34-4DF1-9BC3-A0D3CEAEA661}.Release|Any CPU.ActiveCfg = Release|Any CPU
		{A210558F-3C34-4DF1-9BC3-A0D3CEAEA661}.Release|Any CPU.Build.0 = Release|Any CPU
	EndGlobalSection
	GlobalSection(SolutionProperties) = preSolution
		HideSolutionNode = FALSE
	EndGlobalSection
	GlobalSection(ExtensibilityGlobals) = postSolution
		SolutionGuid = {D30EC79F-7FAD-4183-8A94-70DF22F76D0E}
	EndGlobalSection
EndGlobal
